
Microsoft Visual Studio Solution File, Format Version 11.00
# Visual Studio 2010
Project("{FAE04EC0-301F-11D3-BF4B-00C04F79EFBC}") = "comtest", "comtest\comtest.csproj", "{112EC652-ACBF-4582-AB57-3DE35A01B4CE}"
EndProject
Global
	GlobalSection(SolutionConfigurationPlatforms) = preSolution
		Debug|x86 = Debug|x86
		Release|x86 = Release|x86
	EndGlobalSection
	GlobalSection(ProjectConfigurationPlatforms) = postSolution
		{112EC652-ACBF-4582-AB57-3DE35A01B4CE}.Debug|x86.ActiveCfg = Debug|x86
		{112EC652-ACBF-4582-AB57-3DE35A01B4CE}.Debug|x86.Build.0 = Debug|x86
		{112EC652-ACBF-4582-AB57-3DE35A01B4CE}.Release|x86.ActiveCfg = Release|x86
		{112EC652-ACBF-4582-AB57-3DE35A01B4CE}.Release|x86.Build.0 = Release|x86
	EndGlobalSection
	GlobalSection(SolutionProperties) = preSolution
		HideSolutionNode = FALSE
	EndGlobalSection
EndGlobal
